
Microsoft Visual Studio Solution File, Format Version 12.00
# Visual Studio Version 17
VisualStudioVersion = 17.5.2.0
MinimumVisualStudioVersion = 10.0.40219.1
Project("{FAE04EC0-301F-11D3-BF4B-00C04F79EFBC}") = "Kyrsova-OOP", "Kyrsova-OOP.csproj", "{ACBCCE87-1AAC-BC17-7903-0F0865CDE8EF}"
EndProject
Project("{FAE04EC0-301F-11D3-BF4B-00C04F79EFBC}") = "Kyrsova_OOP.Tests", "..\Kyrsova_OOP.Tests\Kyrsova_OOP.Tests.csproj", "{D3D85D2F-84ED-496D-8149-B5E6FA2AA021}"
EndProject
Global
	GlobalSection(SolutionConfigurationPlatforms) = preSolution
		Debug|Any CPU = Debug|Any CPU
		Debug|x64 = Debug|x64
		Debug|x86 = Debug|x86
		Release|Any CPU = Release|Any CPU
		Release|x64 = Release|x64
		Release|x86 = Release|x86
	EndGlobalSection
	GlobalSection(ProjectConfigurationPlatforms) = postSolution
		{ACBCCE87-1AAC-BC17-7903-0F0865CDE8EF}.Debug|Any CPU.ActiveCfg = Debug|Any CPU
		{ACBCCE87-1AAC-BC17-7903-0F0865CDE8EF}.Debug|Any CPU.Build.0 = Debug|Any CPU
		{ACBCCE87-1AAC-BC17-7903-0F0865CDE8EF}.Debug|x64.ActiveCfg = Debug|Any CPU
		{ACBCCE87-1AAC-BC17-7903-0F0865CDE8EF}.Debug|x64.Build.0 = Debug|Any CPU
		{ACBCCE87-1AAC-BC17-7903-0F0865CDE8EF}.Debug|x86.ActiveCfg = Debug|Any CPU
		{ACBCCE87-1AAC-BC17-7903-0F0865CDE8EF}.Debug|x86.Build.0 = Debug|Any CPU
		{ACBCCE87-1AAC-BC17-7903-0F0865CDE8EF}.Release|Any CPU.ActiveCfg = Release|Any CPU
		{ACBCCE87-1AAC-BC17-7903-0F0865CDE8EF}.Release|Any CPU.Build.0 = Release|Any CPU
		{ACBCCE87-1AAC-BC17-7903-0F0865CDE8EF}.Release|x64.ActiveCfg = Release|Any CPU
		{ACBCCE87-1AAC-BC17-7903-0F0865CDE8EF}.Release|x64.Build.0 = Release|Any CPU
		{ACBCCE87-1AAC-BC17-7903-0F0865CDE8EF}.Release|x86.ActiveCfg = Release|Any CPU
		{ACBCCE87-1AAC-BC17-7903-0F0865CDE8EF}.Release|x86.Build.0 = Release|Any CPU
		{D3D85D2F-84ED-496D-8149-B5E6FA2AA021}.Debug|Any CPU.ActiveCfg = Debug|Any CPU
		{D3D85D2F-84ED-496D-8149-B5E6FA2AA021}.Debug|Any CPU.Build.0 = Debug|Any CPU
		{D3D85D2F-84ED-496D-8149-B5E6FA2AA021}.Debug|x64.ActiveCfg = Debug|Any CPU
		{D3D85D2F-84ED-496D-8149-B5E6FA2AA021}.Debug|x64.Build.0 = Debug|Any CPU
		{D3D85D2F-84ED-496D-8149-B5E6FA2AA021}.Debug|x86.ActiveCfg = Debug|Any CPU
		{D3D85D2F-84ED-496D-8149-B5E6FA2AA021}.Debug|x86.Build.0 = Debug|Any CPU
		{D3D85D2F-84ED-496D-8149-B5E6FA2AA021}.Release|Any CPU.ActiveCfg = Release|Any CPU
		{D3D85D2F-84ED-496D-8149-B5E6FA2AA021}.Release|Any CPU.Build.0 = Release|Any CPU
		{D3D85D2F-84ED-496D-8149-B5E6FA2AA021}.Release|x64.ActiveCfg = Release|Any CPU
		{D3D85D2F-84ED-496D-8149-B5E6FA2AA021}.Release|x64.Build.0 = Release|Any CPU
		{D3D85D2F-84ED-496D-8149-B5E6FA2AA021}.Release|x86.ActiveCfg = Release|Any CPU
		{D3D85D2F-84ED-496D-8149-B5E6FA2AA021}.Release|x86.Build.0 = Release|Any CPU
	EndGlobalSection
	GlobalSection(SolutionProperties) = preSolution
		HideSolutionNode = FALSE
	EndGlobalSection
	GlobalSection(ExtensibilityGlobals) = postSolution
		SolutionGuid = {B8F55CAC-41AA-452E-A5CE-08F973496C5A}
	EndGlobalSection
EndGlobal
